
Microsoft Visual Studio Solution File, Format Version 12.00
# Visual Studio Version 17
VisualStudioVersion = 17.1.32421.90
MinimumVisualStudioVersion = 10.0.40219.1
Project("{FAE04EC0-301F-11D3-BF4B-00C04F79EFBC}") = "moi-Dwt-05-2022", "moi-Dwt-05-2022.csproj", "{52E2E739-34F1-4C63-8834-D6D4693AFBDB}"
EndProject
Global
	GlobalSection(SolutionConfigurationPlatforms) = preSolution
		Debug|Any CPU = Debug|Any CPU
		Release|Any CPU = Release|Any CPU
	EndGlobalSection
	GlobalSection(ProjectConfigurationPlatforms) = postSolution
		{52E2E739-34F1-4C63-8834-D6D4693AFBDB}.Debug|Any CPU.ActiveCfg = Debug|Any CPU
		{52E2E739-34F1-4C63-8834-D6D4693AFBDB}.Debug|Any CPU.Build.0 = Debug|Any CPU
		{52E2E739-34F1-4C63-8834-D6D4693AFBDB}.Release|Any CPU.ActiveCfg = Release|Any CPU
		{52E2E739-34F1-4C63-8834-D6D4693AFBDB}.Release|Any CPU.Build.0 = Release|Any CPU
	EndGlobalSection
	GlobalSection(SolutionProperties) = preSolution
		HideSolutionNode = FALSE
	EndGlobalSection
	GlobalSection(ExtensibilityGlobals) = postSolution
		SolutionGuid = {09AE0620-C001-4790-8BB4-EDD07C300041}
	EndGlobalSection
EndGlobal
